// !$*UTF8*$!
{
	archiveVersion = 1;
	classes = {
	};
	objectVersion = 56;
	objects = {

/* Begin PBXBuildFile section */
		A104326529593E0E0089BCAC /* CircleButton.swift in Sources */ = {isa = PBXBuildFile; fileRef = A104326429593E0E0089BCAC /* CircleButton.swift */; };
		A114035829728440006AC465 /* SettingView.swift in Sources */ = {isa = PBXBuildFile; fileRef = A114035729728440006AC465 /* SettingView.swift */; };
		A114035C29728604006AC465 /* SettingManager.swift in Sources */ = {isa = PBXBuildFile; fileRef = A114035B29728604006AC465 /* SettingManager.swift */; };
		A114035E297286CF006AC465 /* LanguageConstant.swift in Sources */ = {isa = PBXBuildFile; fileRef = A114035D297286CF006AC465 /* LanguageConstant.swift */; };
		A1176F6F296C5FBB00B4D585 /* Realm in Frameworks */ = {isa = PBXBuildFile; productRef = A1176F6E296C5FBB00B4D585 /* Realm */; };
		A1176F71296C5FBB00B4D585 /* RealmSwift in Frameworks */ = {isa = PBXBuildFile; productRef = A1176F70296C5FBB00B4D585 /* RealmSwift */; };
		A1176F73296C5FCC00B4D585 /* Record.swift in Sources */ = {isa = PBXBuildFile; fileRef = A1176F72296C5FCC00B4D585 /* Record.swift */; };
		A1176F75296C610B00B4D585 /* RecordService.swift in Sources */ = {isa = PBXBuildFile; fileRef = A1176F74296C610B00B4D585 /* RecordService.swift */; };
		A1176F77296C61DB00B4D585 /* RecordManager.swift in Sources */ = {isa = PBXBuildFile; fileRef = A1176F76296C61DB00B4D585 /* RecordManager.swift */; };
		A136BF3C294F2AB100A09E89 /* DeviceConnectButtonView.swift in Sources */ = {isa = PBXBuildFile; fileRef = A136BF3B294F2AB100A09E89 /* DeviceConnectButtonView.swift */; };
		A153F8B3294DD92D00C75433 /* Thermometer_HygrometerApp.swift in Sources */ = {isa = PBXBuildFile; fileRef = A153F8B2294DD92D00C75433 /* Thermometer_HygrometerApp.swift */; };
		A153F8B5294DD92D00C75433 /* ContentView.swift in Sources */ = {isa = PBXBuildFile; fileRef = A153F8B4294DD92D00C75433 /* ContentView.swift */; };
		A153F8B7294DD92E00C75433 /* Assets.xcassets in Resources */ = {isa = PBXBuildFile; fileRef = A153F8B6294DD92E00C75433 /* Assets.xcassets */; };
		A153F8BA294DD92E00C75433 /* Preview Assets.xcassets in Resources */ = {isa = PBXBuildFile; fileRef = A153F8B9294DD92E00C75433 /* Preview Assets.xcassets */; };
		A153F8C4294DD92F00C75433 /* Thermometer_HygrometerTests.swift in Sources */ = {isa = PBXBuildFile; fileRef = A153F8C3294DD92F00C75433 /* Thermometer_HygrometerTests.swift */; };
		A153F8CE294DD92F00C75433 /* Thermometer_HygrometerUITests.swift in Sources */ = {isa = PBXBuildFile; fileRef = A153F8CD294DD92F00C75433 /* Thermometer_HygrometerUITests.swift */; };
		A153F8D0294DD92F00C75433 /* Thermometer_HygrometerUITestsLaunchTests.swift in Sources */ = {isa = PBXBuildFile; fileRef = A153F8CF294DD92F00C75433 /* Thermometer_HygrometerUITestsLaunchTests.swift */; };
		A153F8DD294DDC9700C75433 /* Device.swift in Sources */ = {isa = PBXBuildFile; fileRef = A153F8DC294DDC9700C75433 /* Device.swift */; };
		A153F8DF294DDDE700C75433 /* MESHConstant.swift in Sources */ = {isa = PBXBuildFile; fileRef = A153F8DE294DDDE700C75433 /* MESHConstant.swift */; };
		A153F8E1294DDE5500C75433 /* DeviceManager.swift in Sources */ = {isa = PBXBuildFile; fileRef = A153F8E0294DDE5500C75433 /* DeviceManager.swift */; };
		A15A89782955A97500C5D152 /* MainView.swift in Sources */ = {isa = PBXBuildFile; fileRef = A15A89772955A97500C5D152 /* MainView.swift */; };
		A181695629586D6E007D56F5 /* TimerManager.swift in Sources */ = {isa = PBXBuildFile; fileRef = A181695529586D6E007D56F5 /* TimerManager.swift */; };
		A1816958295876D1007D56F5 /* RecordsView.swift in Sources */ = {isa = PBXBuildFile; fileRef = A1816957295876D1007D56F5 /* RecordsView.swift */; };
		A18A8B8B2954C85B00CFEBBF /* Extensions.swift in Sources */ = {isa = PBXBuildFile; fileRef = A18A8B8A2954C85B00CFEBBF /* Extensions.swift */; };
		A1DF95212951E1710023C05F /* UnconnectView.swift in Sources */ = {isa = PBXBuildFile; fileRef = A1DF95202951E1710023C05F /* UnconnectView.swift */; };
		A1DF95252951ED2E0023C05F /* MeasurementDataView.swift in Sources */ = {isa = PBXBuildFile; fileRef = A1DF95242951ED2E0023C05F /* MeasurementDataView.swift */; };
		A1E114FB29509554008E9965 /* DeviceBatteryView.swift in Sources */ = {isa = PBXBuildFile; fileRef = A1E114FA29509554008E9965 /* DeviceBatteryView.swift */; };
/* End PBXBuildFile section */

/* Begin PBXContainerItemProxy section */
		A153F8C0294DD92F00C75433 /* PBXContainerItemProxy */ = {
			isa = PBXContainerItemProxy;
			containerPortal = A153F8A7294DD92D00C75433 /* Project object */;
			proxyType = 1;
			remoteGlobalIDString = A153F8AE294DD92D00C75433;
			remoteInfo = "Thermometer-Hygrometer";
		};
		A153F8CA294DD92F00C75433 /* PBXContainerItemProxy */ = {
			isa = PBXContainerItemProxy;
			containerPortal = A153F8A7294DD92D00C75433 /* Project object */;
			proxyType = 1;
			remoteGlobalIDString = A153F8AE294DD92D00C75433;
			remoteInfo = "Thermometer-Hygrometer";
		};
/* End PBXContainerItemProxy section */

/* Begin PBXFileReference section */
		A104326429593E0E0089BCAC /* CircleButton.swift */ = {isa = PBXFileReference; lastKnownFileType = sourcecode.swift; path = CircleButton.swift; sourceTree = "<group>"; };
		A114035729728440006AC465 /* SettingView.swift */ = {isa = PBXFileReference; lastKnownFileType = sourcecode.swift; path = SettingView.swift; sourceTree = "<group>"; };
		A114035B29728604006AC465 /* SettingManager.swift */ = {isa = PBXFileReference; lastKnownFileType = sourcecode.swift; path = SettingManager.swift; sourceTree = "<group>"; };
		A114035D297286CF006AC465 /* LanguageConstant.swift */ = {isa = PBXFileReference; lastKnownFileType = sourcecode.swift; path = LanguageConstant.swift; sourceTree = "<group>"; };
		A1176F72296C5FCC00B4D585 /* Record.swift */ = {isa = PBXFileReference; lastKnownFileType = sourcecode.swift; path = Record.swift; sourceTree = "<group>"; };
		A1176F74296C610B00B4D585 /* RecordService.swift */ = {isa = PBXFileReference; lastKnownFileType = sourcecode.swift; path = RecordService.swift; sourceTree = "<group>"; };
		A1176F76296C61DB00B4D585 /* RecordManager.swift */ = {isa = PBXFileReference; lastKnownFileType = sourcecode.swift; path = RecordManager.swift; sourceTree = "<group>"; };
		A136BF3B294F2AB100A09E89 /* DeviceConnectButtonView.swift */ = {isa = PBXFileReference; lastKnownFileType = sourcecode.swift; path = DeviceConnectButtonView.swift; sourceTree = "<group>"; };
		A153F8AF294DD92D00C75433 /* Thermometer-Hygrometer.app */ = {isa = PBXFileReference; explicitFileType = wrapper.application; includeInIndex = 0; path = "Thermometer-Hygrometer.app"; sourceTree = BUILT_PRODUCTS_DIR; };
		A153F8B2294DD92D00C75433 /* Thermometer_HygrometerApp.swift */ = {isa = PBXFileReference; lastKnownFileType = sourcecode.swift; path = Thermometer_HygrometerApp.swift; sourceTree = "<group>"; };
		A153F8B4294DD92D00C75433 /* ContentView.swift */ = {isa = PBXFileReference; lastKnownFileType = sourcecode.swift; path = ContentView.swift; sourceTree = "<group>"; };
		A153F8B6294DD92E00C75433 /* Assets.xcassets */ = {isa = PBXFileReference; lastKnownFileType = folder.assetcatalog; path = Assets.xcassets; sourceTree = "<group>"; };
		A153F8B9294DD92E00C75433 /* Preview Assets.xcassets */ = {isa = PBXFileReference; lastKnownFileType = folder.assetcatalog; path = "Preview Assets.xcassets"; sourceTree = "<group>"; };
		A153F8BF294DD92F00C75433 /* Thermometer-HygrometerTests.xctest */ = {isa = PBXFileReference; explicitFileType = wrapper.cfbundle; includeInIndex = 0; path = "Thermometer-HygrometerTests.xctest"; sourceTree = BUILT_PRODUCTS_DIR; };
		A153F8C3294DD92F00C75433 /* Thermometer_HygrometerTests.swift */ = {isa = PBXFileReference; lastKnownFileType = sourcecode.swift; path = Thermometer_HygrometerTests.swift; sourceTree = "<group>"; };
		A153F8C9294DD92F00C75433 /* Thermometer-HygrometerUITests.xctest */ = {isa = PBXFileReference; explicitFileType = wrapper.cfbundle; includeInIndex = 0; path = "Thermometer-HygrometerUITests.xctest"; sourceTree = BUILT_PRODUCTS_DIR; };
		A153F8CD294DD92F00C75433 /* Thermometer_HygrometerUITests.swift */ = {isa = PBXFileReference; lastKnownFileType = sourcecode.swift; path = Thermometer_HygrometerUITests.swift; sourceTree = "<group>"; };
		A153F8CF294DD92F00C75433 /* Thermometer_HygrometerUITestsLaunchTests.swift */ = {isa = PBXFileReference; lastKnownFileType = sourcecode.swift; path = Thermometer_HygrometerUITestsLaunchTests.swift; sourceTree = "<group>"; };
		A153F8DC294DDC9700C75433 /* Device.swift */ = {isa = PBXFileReference; lastKnownFileType = sourcecode.swift; path = Device.swift; sourceTree = "<group>"; };
		A153F8DE294DDDE700C75433 /* MESHConstant.swift */ = {isa = PBXFileReference; lastKnownFileType = sourcecode.swift; path = MESHConstant.swift; sourceTree = "<group>"; };
		A153F8E0294DDE5500C75433 /* DeviceManager.swift */ = {isa = PBXFileReference; lastKnownFileType = sourcecode.swift; path = DeviceManager.swift; sourceTree = "<group>"; };
		A15A89772955A97500C5D152 /* MainView.swift */ = {isa = PBXFileReference; lastKnownFileType = sourcecode.swift; path = MainView.swift; sourceTree = "<group>"; };
		A181695529586D6E007D56F5 /* TimerManager.swift */ = {isa = PBXFileReference; lastKnownFileType = sourcecode.swift; path = TimerManager.swift; sourceTree = "<group>"; };
		A1816957295876D1007D56F5 /* RecordsView.swift */ = {isa = PBXFileReference; lastKnownFileType = sourcecode.swift; path = RecordsView.swift; sourceTree = "<group>"; };
		A18A8B8A2954C85B00CFEBBF /* Extensions.swift */ = {isa = PBXFileReference; lastKnownFileType = sourcecode.swift; path = Extensions.swift; sourceTree = "<group>"; };
		A1DF95202951E1710023C05F /* UnconnectView.swift */ = {isa = PBXFileReference; lastKnownFileType = sourcecode.swift; path = UnconnectView.swift; sourceTree = "<group>"; };
		A1DF95242951ED2E0023C05F /* MeasurementDataView.swift */ = {isa = PBXFileReference; lastKnownFileType = sourcecode.swift; path = MeasurementDataView.swift; sourceTree = "<group>"; };
		A1E114FA29509554008E9965 /* DeviceBatteryView.swift */ = {isa = PBXFileReference; lastKnownFileType = sourcecode.swift; path = DeviceBatteryView.swift; sourceTree = "<group>"; };
/* End PBXFileReference section */

/* Begin PBXFrameworksBuildPhase section */
		A153F8AC294DD92D00C75433 /* Frameworks */ = {
			isa = PBXFrameworksBuildPhase;
			buildActionMask = 2147483647;
			files = (
				A1176F71296C5FBB00B4D585 /* RealmSwift in Frameworks */,
				A1176F6F296C5FBB00B4D585 /* Realm in Frameworks */,
			);
			runOnlyForDeploymentPostprocessing = 0;
		};
		A153F8BC294DD92F00C75433 /* Frameworks */ = {
			isa = PBXFrameworksBuildPhase;
			buildActionMask = 2147483647;
			files = (
			);
			runOnlyForDeploymentPostprocessing = 0;
		};
		A153F8C6294DD92F00C75433 /* Frameworks */ = {
			isa = PBXFrameworksBuildPhase;
			buildActionMask = 2147483647;
			files = (
			);
			runOnlyForDeploymentPostprocessing = 0;
		};
/* End PBXFrameworksBuildPhase section */

/* Begin PBXGroup section */
		A153F8A6294DD92D00C75433 = {
			isa = PBXGroup;
			children = (
				A153F8B1294DD92D00C75433 /* Thermometer-Hygrometer */,
				A153F8C2294DD92F00C75433 /* Thermometer-HygrometerTests */,
				A153F8CC294DD92F00C75433 /* Thermometer-HygrometerUITests */,
				A153F8B0294DD92D00C75433 /* Products */,
			);
			sourceTree = "<group>";
		};
		A153F8B0294DD92D00C75433 /* Products */ = {
			isa = PBXGroup;
			children = (
				A153F8AF294DD92D00C75433 /* Thermometer-Hygrometer.app */,
				A153F8BF294DD92F00C75433 /* Thermometer-HygrometerTests.xctest */,
				A153F8C9294DD92F00C75433 /* Thermometer-HygrometerUITests.xctest */,
			);
			name = Products;
			sourceTree = "<group>";
		};
		A153F8B1294DD92D00C75433 /* Thermometer-Hygrometer */ = {
			isa = PBXGroup;
			children = (
				A153F8B2294DD92D00C75433 /* Thermometer_HygrometerApp.swift */,
				A18A8B932955727300CFEBBF /* Helper */,
				A18A8B922955725100CFEBBF /* Model */,
				A18432EC296F14F000AF4DE2 /* ViewModel */,
				A18A8B902955720B00CFEBBF /* View */,
				A153F8B6294DD92E00C75433 /* Assets.xcassets */,
				A153F8B8294DD92E00C75433 /* Preview Content */,
			);
			path = "Thermometer-Hygrometer";
			sourceTree = "<group>";
		};
		A153F8B8294DD92E00C75433 /* Preview Content */ = {
			isa = PBXGroup;
			children = (
				A153F8B9294DD92E00C75433 /* Preview Assets.xcassets */,
			);
			path = "Preview Content";
			sourceTree = "<group>";
		};
		A153F8C2294DD92F00C75433 /* Thermometer-HygrometerTests */ = {
			isa = PBXGroup;
			children = (
				A153F8C3294DD92F00C75433 /* Thermometer_HygrometerTests.swift */,
			);
			path = "Thermometer-HygrometerTests";
			sourceTree = "<group>";
		};
		A153F8CC294DD92F00C75433 /* Thermometer-HygrometerUITests */ = {
			isa = PBXGroup;
			children = (
				A153F8CD294DD92F00C75433 /* Thermometer_HygrometerUITests.swift */,
				A153F8CF294DD92F00C75433 /* Thermometer_HygrometerUITestsLaunchTests.swift */,
			);
			path = "Thermometer-HygrometerUITests";
			sourceTree = "<group>";
		};
		A18432EC296F14F000AF4DE2 /* ViewModel */ = {
			isa = PBXGroup;
			children = (
				A1176F74296C610B00B4D585 /* RecordService.swift */,
				A1176F76296C61DB00B4D585 /* RecordManager.swift */,
				A153F8E0294DDE5500C75433 /* DeviceManager.swift */,
				A181695529586D6E007D56F5 /* TimerManager.swift */,
				A114035B29728604006AC465 /* SettingManager.swift */,
			);
			path = ViewModel;
			sourceTree = "<group>";
		};
		A18A8B902955720B00CFEBBF /* View */ = {
			isa = PBXGroup;
			children = (
				A153F8B4294DD92D00C75433 /* ContentView.swift */,
				A114035729728440006AC465 /* SettingView.swift */,
				A1816957295876D1007D56F5 /* RecordsView.swift */,
				A15A89772955A97500C5D152 /* MainView.swift */,
				A1E114FA29509554008E9965 /* DeviceBatteryView.swift */,
				A136BF3B294F2AB100A09E89 /* DeviceConnectButtonView.swift */,
				A1DF95242951ED2E0023C05F /* MeasurementDataView.swift */,
				A1DF95202951E1710023C05F /* UnconnectView.swift */,
			);
			path = View;
			sourceTree = "<group>";
		};
		A18A8B922955725100CFEBBF /* Model */ = {
			isa = PBXGroup;
			children = (
				A153F8DC294DDC9700C75433 /* Device.swift */,
				A1176F72296C5FCC00B4D585 /* Record.swift */,
			);
			path = Model;
			sourceTree = "<group>";
		};
		A18A8B932955727300CFEBBF /* Helper */ = {
			isa = PBXGroup;
			children = (
				A104326429593E0E0089BCAC /* CircleButton.swift */,
				A18A8B8A2954C85B00CFEBBF /* Extensions.swift */,
				A153F8DE294DDDE700C75433 /* MESHConstant.swift */,
				A114035D297286CF006AC465 /* LanguageConstant.swift */,
			);
			path = Helper;
			sourceTree = "<group>";
		};
/* End PBXGroup section */

/* Begin PBXNativeTarget section */
		A153F8AE294DD92D00C75433 /* Thermometer-Hygrometer */ = {
			isa = PBXNativeTarget;
			buildConfigurationList = A153F8D3294DD92F00C75433 /* Build configuration list for PBXNativeTarget "Thermometer-Hygrometer" */;
			buildPhases = (
				A153F8AB294DD92D00C75433 /* Sources */,
				A153F8AC294DD92D00C75433 /* Frameworks */,
				A153F8AD294DD92D00C75433 /* Resources */,
			);
			buildRules = (
			);
			dependencies = (
			);
			name = "Thermometer-Hygrometer";
			packageProductDependencies = (
				A1176F6E296C5FBB00B4D585 /* Realm */,
				A1176F70296C5FBB00B4D585 /* RealmSwift */,
			);
			productName = "Thermometer-Hygrometer";
			productReference = A153F8AF294DD92D00C75433 /* Thermometer-Hygrometer.app */;
			productType = "com.apple.product-type.application";
		};
		A153F8BE294DD92F00C75433 /* Thermometer-HygrometerTests */ = {
			isa = PBXNativeTarget;
			buildConfigurationList = A153F8D6294DD92F00C75433 /* Build configuration list for PBXNativeTarget "Thermometer-HygrometerTests" */;
			buildPhases = (
				A153F8BB294DD92F00C75433 /* Sources */,
				A153F8BC294DD92F00C75433 /* Frameworks */,
				A153F8BD294DD92F00C75433 /* Resources */,
			);
			buildRules = (
			);
			dependencies = (
				A153F8C1294DD92F00C75433 /* PBXTargetDependency */,
			);
			name = "Thermometer-HygrometerTests";
			productName = "Thermometer-HygrometerTests";
			productReference = A153F8BF294DD92F00C75433 /* Thermometer-HygrometerTests.xctest */;
			productType = "com.apple.product-type.bundle.unit-test";
		};
		A153F8C8294DD92F00C75433 /* Thermometer-HygrometerUITests */ = {
			isa = PBXNativeTarget;
			buildConfigurationList = A153F8D9294DD92F00C75433 /* Build configuration list for PBXNativeTarget "Thermometer-HygrometerUITests" */;
			buildPhases = (
				A153F8C5294DD92F00C75433 /* Sources */,
				A153F8C6294DD92F00C75433 /* Frameworks */,
				A153F8C7294DD92F00C75433 /* Resources */,
			);
			buildRules = (
			);
			dependencies = (
				A153F8CB294DD92F00C75433 /* PBXTargetDependency */,
			);
			name = "Thermometer-HygrometerUITests";
			productName = "Thermometer-HygrometerUITests";
			productReference = A153F8C9294DD92F00C75433 /* Thermometer-HygrometerUITests.xctest */;
			productType = "com.apple.product-type.bundle.ui-testing";
		};
/* End PBXNativeTarget section */

/* Begin PBXProject section */
		A153F8A7294DD92D00C75433 /* Project object */ = {
			isa = PBXProject;
			attributes = {
				BuildIndependentTargetsInParallel = 1;
				LastSwiftUpdateCheck = 1410;
				LastUpgradeCheck = 1410;
				TargetAttributes = {
					A153F8AE294DD92D00C75433 = {
						CreatedOnToolsVersion = 14.1;
					};
					A153F8BE294DD92F00C75433 = {
						CreatedOnToolsVersion = 14.1;
						TestTargetID = A153F8AE294DD92D00C75433;
					};
					A153F8C8294DD92F00C75433 = {
						CreatedOnToolsVersion = 14.1;
						TestTargetID = A153F8AE294DD92D00C75433;
					};
				};
			};
			buildConfigurationList = A153F8AA294DD92D00C75433 /* Build configuration list for PBXProject "Thermometer-Hygrometer" */;
			compatibilityVersion = "Xcode 14.0";
			developmentRegion = en;
			hasScannedForEncodings = 0;
			knownRegions = (
				en,
				Base,
			);
			mainGroup = A153F8A6294DD92D00C75433;
			packageReferences = (
				A1176F6D296C5FBB00B4D585 /* XCRemoteSwiftPackageReference "realm-swift" */,
			);
			productRefGroup = A153F8B0294DD92D00C75433 /* Products */;
			projectDirPath = "";
			projectRoot = "";
			targets = (
				A153F8AE294DD92D00C75433 /* Thermometer-Hygrometer */,
				A153F8BE294DD92F00C75433 /* Thermometer-HygrometerTests */,
				A153F8C8294DD92F00C75433 /* Thermometer-HygrometerUITests */,
			);
		};
/* End PBXProject section */

/* Begin PBXResourcesBuildPhase section */
		A153F8AD294DD92D00C75433 /* Resources */ = {
			isa = PBXResourcesBuildPhase;
			buildActionMask = 2147483647;
			files = (
				A153F8BA294DD92E00C75433 /* Preview Assets.xcassets in Resources */,
				A153F8B7294DD92E00C75433 /* Assets.xcassets in Resources */,
			);
			runOnlyForDeploymentPostprocessing = 0;
		};
		A153F8BD294DD92F00C75433 /* Resources */ = {
			isa = PBXResourcesBuildPhase;
			buildActionMask = 2147483647;
			files = (
			);
			runOnlyForDeploymentPostprocessing = 0;
		};
		A153F8C7294DD92F00C75433 /* Resources */ = {
			isa = PBXResourcesBuildPhase;
			buildActionMask = 2147483647;
			files = (
			);
			runOnlyForDeploymentPostprocessing = 0;
		};
/* End PBXResourcesBuildPhase section */

/* Begin PBXSourcesBuildPhase section */
		A153F8AB294DD92D00C75433 /* Sources */ = {
			isa = PBXSourcesBuildPhase;
			buildActionMask = 2147483647;
			files = (
				A1176F77296C61DB00B4D585 /* RecordManager.swift in Sources */,
				A114035E297286CF006AC465 /* LanguageConstant.swift in Sources */,
				A153F8DF294DDDE700C75433 /* MESHConstant.swift in Sources */,
				A15A89782955A97500C5D152 /* MainView.swift in Sources */,
				A114035829728440006AC465 /* SettingView.swift in Sources */,
				A1176F75296C610B00B4D585 /* RecordService.swift in Sources */,
				A136BF3C294F2AB100A09E89 /* DeviceConnectButtonView.swift in Sources */,
				A153F8DD294DDC9700C75433 /* Device.swift in Sources */,
				A153F8B5294DD92D00C75433 /* ContentView.swift in Sources */,
				A181695629586D6E007D56F5 /* TimerManager.swift in Sources */,
				A1176F73296C5FCC00B4D585 /* Record.swift in Sources */,
				A1E114FB29509554008E9965 /* DeviceBatteryView.swift in Sources */,
				A153F8E1294DDE5500C75433 /* DeviceManager.swift in Sources */,
				A1DF95212951E1710023C05F /* UnconnectView.swift in Sources */,
				A18A8B8B2954C85B00CFEBBF /* Extensions.swift in Sources */,
				A114035C29728604006AC465 /* SettingManager.swift in Sources */,
				A153F8B3294DD92D00C75433 /* Thermometer_HygrometerApp.swift in Sources */,
				A104326529593E0E0089BCAC /* CircleButton.swift in Sources */,
				A1816958295876D1007D56F5 /* RecordsView.swift in Sources */,
				A1DF95252951ED2E0023C05F /* MeasurementDataView.swift in Sources */,
			);
			runOnlyForDeploymentPostprocessing = 0;
		};
		A153F8BB294DD92F00C75433 /* Sources */ = {
			isa = PBXSourcesBuildPhase;
			buildActionMask = 2147483647;
			files = (
				A153F8C4294DD92F00C75433 /* Thermometer_HygrometerTests.swift in Sources */,
			);
			runOnlyForDeploymentPostprocessing = 0;
		};
		A153F8C5294DD92F00C75433 /* Sources */ = {
			isa = PBXSourcesBuildPhase;
			buildActionMask = 2147483647;
			files = (
				A153F8CE294DD92F00C75433 /* Thermometer_HygrometerUITests.swift in Sources */,
				A153F8D0294DD92F00C75433 /* Thermometer_HygrometerUITestsLaunchTests.swift in Sources */,
			);
			runOnlyForDeploymentPostprocessing = 0;
		};
/* End PBXSourcesBuildPhase section */

/* Begin PBXTargetDependency section */
		A153F8C1294DD92F00C75433 /* PBXTargetDependency */ = {
			isa = PBXTargetDependency;
			target = A153F8AE294DD92D00C75433 /* Thermometer-Hygrometer */;
			targetProxy = A153F8C0294DD92F00C75433 /* PBXContainerItemProxy */;
		};
		A153F8CB294DD92F00C75433 /* PBXTargetDependency */ = {
			isa = PBXTargetDependency;
			target = A153F8AE294DD92D00C75433 /* Thermometer-Hygrometer */;
			targetProxy = A153F8CA294DD92F00C75433 /* PBXContainerItemProxy */;
		};
/* End PBXTargetDependency section */

/* Begin XCBuildConfiguration section */
		A153F8D1294DD92F00C75433 /* Debug */ = {
			isa = XCBuildConfiguration;
			buildSettings = {
				ALWAYS_SEARCH_USER_PATHS = NO;
				CLANG_ANALYZER_NONNULL = YES;
				CLANG_ANALYZER_NUMBER_OBJECT_CONVERSION = YES_AGGRESSIVE;
				CLANG_CXX_LANGUAGE_STANDARD = "gnu++20";
				CLANG_ENABLE_MODULES = YES;
				CLANG_ENABLE_OBJC_ARC = YES;
				CLANG_ENABLE_OBJC_WEAK = YES;
				CLANG_WARN_BLOCK_CAPTURE_AUTORELEASING = YES;
				CLANG_WARN_BOOL_CONVERSION = YES;
				CLANG_WARN_COMMA = YES;
				CLANG_WARN_CONSTANT_CONVERSION = YES;
				CLANG_WARN_DEPRECATED_OBJC_IMPLEMENTATIONS = YES;
				CLANG_WARN_DIRECT_OBJC_ISA_USAGE = YES_ERROR;
				CLANG_WARN_DOCUMENTATION_COMMENTS = YES;
				CLANG_WARN_EMPTY_BODY = YES;
				CLANG_WARN_ENUM_CONVERSION = YES;
				CLANG_WARN_INFINITE_RECURSION = YES;
				CLANG_WARN_INT_CONVERSION = YES;
				CLANG_WARN_NON_LITERAL_NULL_CONVERSION = YES;
				CLANG_WARN_OBJC_IMPLICIT_RETAIN_SELF = YES;
				CLANG_WARN_OBJC_LITERAL_CONVERSION = YES;
				CLANG_WARN_OBJC_ROOT_CLASS = YES_ERROR;
				CLANG_WARN_QUOTED_INCLUDE_IN_FRAMEWORK_HEADER = YES;
				CLANG_WARN_RANGE_LOOP_ANALYSIS = YES;
				CLANG_WARN_STRICT_PROTOTYPES = YES;
				CLANG_WARN_SUSPICIOUS_MOVE = YES;
				CLANG_WARN_UNGUARDED_AVAILABILITY = YES_AGGRESSIVE;
				CLANG_WARN_UNREACHABLE_CODE = YES;
				CLANG_WARN__DUPLICATE_METHOD_MATCH = YES;
				COPY_PHASE_STRIP = NO;
				DEBUG_INFORMATION_FORMAT = dwarf;
				ENABLE_STRICT_OBJC_MSGSEND = YES;
				ENABLE_TESTABILITY = YES;
				GCC_C_LANGUAGE_STANDARD = gnu11;
				GCC_DYNAMIC_NO_PIC = NO;
				GCC_NO_COMMON_BLOCKS = YES;
				GCC_OPTIMIZATION_LEVEL = 0;
				GCC_PREPROCESSOR_DEFINITIONS = (
					"DEBUG=1",
					"$(inherited)",
				);
				GCC_WARN_64_TO_32_BIT_CONVERSION = YES;
				GCC_WARN_ABOUT_RETURN_TYPE = YES_ERROR;
				GCC_WARN_UNDECLARED_SELECTOR = YES;
				GCC_WARN_UNINITIALIZED_AUTOS = YES_AGGRESSIVE;
				GCC_WARN_UNUSED_FUNCTION = YES;
				GCC_WARN_UNUSED_VARIABLE = YES;
				IPHONEOS_DEPLOYMENT_TARGET = 16.1;
				MTL_ENABLE_DEBUG_INFO = INCLUDE_SOURCE;
				MTL_FAST_MATH = YES;
				ONLY_ACTIVE_ARCH = YES;
				SDKROOT = iphoneos;
				SWIFT_ACTIVE_COMPILATION_CONDITIONS = DEBUG;
				SWIFT_OPTIMIZATION_LEVEL = "-Onone";
			};
			name = Debug;
		};
		A153F8D2294DD92F00C75433 /* Release */ = {
			isa = XCBuildConfiguration;
			buildSettings = {
				ALWAYS_SEARCH_USER_PATHS = NO;
				CLANG_ANALYZER_NONNULL = YES;
				CLANG_ANALYZER_NUMBER_OBJECT_CONVERSION = YES_AGGRESSIVE;
				CLANG_CXX_LANGUAGE_STANDARD = "gnu++20";
				CLANG_ENABLE_MODULES = YES;
				CLANG_ENABLE_OBJC_ARC = YES;
				CLANG_ENABLE_OBJC_WEAK = YES;
				CLANG_WARN_BLOCK_CAPTURE_AUTORELEASING = YES;
				CLANG_WARN_BOOL_CONVERSION = YES;
				CLANG_WARN_COMMA = YES;
				CLANG_WARN_CONSTANT_CONVERSION = YES;
				CLANG_WARN_DEPRECATED_OBJC_IMPLEMENTATIONS = YES;
				CLANG_WARN_DIRECT_OBJC_ISA_USAGE = YES_ERROR;
				CLANG_WARN_DOCUMENTATION_COMMENTS = YES;
				CLANG_WARN_EMPTY_BODY = YES;
				CLANG_WARN_ENUM_CONVERSION = YES;
				CLANG_WARN_INFINITE_RECURSION = YES;
				CLANG_WARN_INT_CONVERSION = YES;
				CLANG_WARN_NON_LITERAL_NULL_CONVERSION = YES;
				CLANG_WARN_OBJC_IMPLICIT_RETAIN_SELF = YES;
				CLANG_WARN_OBJC_LITERAL_CONVERSION = YES;
				CLANG_WARN_OBJC_ROOT_CLASS = YES_ERROR;
				CLANG_WARN_QUOTED_INCLUDE_IN_FRAMEWORK_HEADER = YES;
				CLANG_WARN_RANGE_LOOP_ANALYSIS = YES;
				CLANG_WARN_STRICT_PROTOTYPES = YES;
				CLANG_WARN_SUSPICIOUS_MOVE = YES;
				CLANG_WARN_UNGUARDED_AVAILABILITY = YES_AGGRESSIVE;
				CLANG_WARN_UNREACHABLE_CODE = YES;
				CLANG_WARN__DUPLICATE_METHOD_MATCH = YES;
				COPY_PHASE_STRIP = NO;
				DEBUG_INFORMATION_FORMAT = "dwarf-with-dsym";
				ENABLE_NS_ASSERTIONS = NO;
				ENABLE_STRICT_OBJC_MSGSEND = YES;
				GCC_C_LANGUAGE_STANDARD = gnu11;
				GCC_NO_COMMON_BLOCKS = YES;
				GCC_WARN_64_TO_32_BIT_CONVERSION = YES;
				GCC_WARN_ABOUT_RETURN_TYPE = YES_ERROR;
				GCC_WARN_UNDECLARED_SELECTOR = YES;
				GCC_WARN_UNINITIALIZED_AUTOS = YES_AGGRESSIVE;
				GCC_WARN_UNUSED_FUNCTION = YES;
				GCC_WARN_UNUSED_VARIABLE = YES;
				IPHONEOS_DEPLOYMENT_TARGET = 16.1;
				MTL_ENABLE_DEBUG_INFO = NO;
				MTL_FAST_MATH = YES;
				SDKROOT = iphoneos;
				SWIFT_COMPILATION_MODE = wholemodule;
				SWIFT_OPTIMIZATION_LEVEL = "-O";
				VALIDATE_PRODUCT = YES;
			};
			name = Release;
		};
		A153F8D4294DD92F00C75433 /* Debug */ = {
			isa = XCBuildConfiguration;
			buildSettings = {
				ASSETCATALOG_COMPILER_APPICON_NAME = AppIcon;
				ASSETCATALOG_COMPILER_GLOBAL_ACCENT_COLOR_NAME = AccentColor;
				CODE_SIGN_STYLE = Automatic;
				CURRENT_PROJECT_VERSION = 18;
				DEVELOPMENT_ASSET_PATHS = "\"Thermometer-Hygrometer/Preview Content\"";
				DEVELOPMENT_TEAM = YUH8WT596Y;
				ENABLE_PREVIEWS = YES;
				GENERATE_INFOPLIST_FILE = YES;
				INFOPLIST_KEY_CFBundleDisplayName = THMeter;
				INFOPLIST_KEY_NSBluetoothAlwaysUsageDescription = "This app uses Bluetooth to connect a IoT tag device.";
				INFOPLIST_KEY_UIApplicationSceneManifest_Generation = YES;
				INFOPLIST_KEY_UIApplicationSupportsIndirectInputEvents = YES;
				INFOPLIST_KEY_UILaunchScreen_Generation = YES;
				INFOPLIST_KEY_UISupportedInterfaceOrientations_iPad = "UIInterfaceOrientationPortrait UIInterfaceOrientationPortraitUpsideDown UIInterfaceOrientationLandscapeLeft UIInterfaceOrientationLandscapeRight";
				INFOPLIST_KEY_UISupportedInterfaceOrientations_iPhone = "UIInterfaceOrientationPortrait UIInterfaceOrientationLandscapeLeft UIInterfaceOrientationLandscapeRight";
				LD_RUNPATH_SEARCH_PATHS = (
					"$(inherited)",
					"@executable_path/Frameworks",
				);
				MARKETING_VERSION = 1.4.0;
				PRODUCT_BUNDLE_IDENTIFIER = "sample.Thermometer-Hygrometer";
				PRODUCT_NAME = "$(TARGET_NAME)";
				SWIFT_EMIT_LOC_STRINGS = YES;
				SWIFT_VERSION = 5.0;
				TARGETED_DEVICE_FAMILY = "1,2";
			};
			name = Debug;
		};
		A153F8D5294DD92F00C75433 /* Release */ = {
			isa = XCBuildConfiguration;
			buildSettings = {
				ASSETCATALOG_COMPILER_APPICON_NAME = AppIcon;
				ASSETCATALOG_COMPILER_GLOBAL_ACCENT_COLOR_NAME = AccentColor;
				CODE_SIGN_STYLE = Automatic;
				CURRENT_PROJECT_VERSION = 18;
				DEVELOPMENT_ASSET_PATHS = "\"Thermometer-Hygrometer/Preview Content\"";
				DEVELOPMENT_TEAM = YUH8WT596Y;
				ENABLE_PREVIEWS = YES;
				GENERATE_INFOPLIST_FILE = YES;
				INFOPLIST_KEY_CFBundleDisplayName = THMeter;
				INFOPLIST_KEY_NSBluetoothAlwaysUsageDescription = "This app uses Bluetooth to connect a IoT tag device.";
				INFOPLIST_KEY_UIApplicationSceneManifest_Generation = YES;
				INFOPLIST_KEY_UIApplicationSupportsIndirectInputEvents = YES;
				INFOPLIST_KEY_UILaunchScreen_Generation = YES;
				INFOPLIST_KEY_UISupportedInterfaceOrientations_iPad = "UIInterfaceOrientationPortrait UIInterfaceOrientationPortraitUpsideDown UIInterfaceOrientationLandscapeLeft UIInterfaceOrientationLandscapeRight";
				INFOPLIST_KEY_UISupportedInterfaceOrientations_iPhone = "UIInterfaceOrientationPortrait UIInterfaceOrientationLandscapeLeft UIInterfaceOrientationLandscapeRight";
				LD_RUNPATH_SEARCH_PATHS = (
					"$(inherited)",
					"@executable_path/Frameworks",
				);
				MARKETING_VERSION = 1.4.0;
				PRODUCT_BUNDLE_IDENTIFIER = "sample.Thermometer-Hygrometer";
				PRODUCT_NAME = "$(TARGET_NAME)";
				SWIFT_EMIT_LOC_STRINGS = YES;
				SWIFT_VERSION = 5.0;
				TARGETED_DEVICE_FAMILY = "1,2";
			};
			name = Release;
		};
		A153F8D7294DD92F00C75433 /* Debug */ = {
			isa = XCBuildConfiguration;
			buildSettings = {
				ALWAYS_EMBED_SWIFT_STANDARD_LIBRARIES = YES;
				BUNDLE_LOADER = "$(TEST_HOST)";
				CODE_SIGN_STYLE = Automatic;
				CURRENT_PROJECT_VERSION = 1;
				DEVELOPMENT_TEAM = YUH8WT596Y;
				GENERATE_INFOPLIST_FILE = YES;
				IPHONEOS_DEPLOYMENT_TARGET = 16.1;
				MARKETING_VERSION = 1.0;
				PRODUCT_BUNDLE_IDENTIFIER = "sample.Thermometer-HygrometerTests";
				PRODUCT_NAME = "$(TARGET_NAME)";
				SWIFT_EMIT_LOC_STRINGS = NO;
				SWIFT_VERSION = 5.0;
				TARGETED_DEVICE_FAMILY = "1,2";
				TEST_HOST = "$(BUILT_PRODUCTS_DIR)/Thermometer-Hygrometer.app/$(BUNDLE_EXECUTABLE_FOLDER_PATH)/Thermometer-Hygrometer";
			};
			name = Debug;
		};
		A153F8D8294DD92F00C75433 /* Release */ = {
			isa = XCBuildConfiguration;
			buildSettings = {
				ALWAYS_EMBED_SWIFT_STANDARD_LIBRARIES = YES;
				BUNDLE_LOADER = "$(TEST_HOST)";
				CODE_SIGN_STYLE = Automatic;
				CURRENT_PROJECT_VERSION = 1;
				DEVELOPMENT_TEAM = YUH8WT596Y;
				GENERATE_INFOPLIST_FILE = YES;
				IPHONEOS_DEPLOYMENT_TARGET = 16.1;
				MARKETING_VERSION = 1.0;
				PRODUCT_BUNDLE_IDENTIFIER = "sample.Thermometer-HygrometerTests";
				PRODUCT_NAME = "$(TARGET_NAME)";
				SWIFT_EMIT_LOC_STRINGS = NO;
				SWIFT_VERSION = 5.0;
				TARGETED_DEVICE_FAMILY = "1,2";
				TEST_HOST = "$(BUILT_PRODUCTS_DIR)/Thermometer-Hygrometer.app/$(BUNDLE_EXECUTABLE_FOLDER_PATH)/Thermometer-Hygrometer";
			};
			name = Release;
		};
		A153F8DA294DD92F00C75433 /* Debug */ = {
			isa = XCBuildConfiguration;
			buildSettings = {
				ALWAYS_EMBED_SWIFT_STANDARD_LIBRARIES = YES;
				CODE_SIGN_STYLE = Automatic;
				CURRENT_PROJECT_VERSION = 1;
				DEVELOPMENT_TEAM = YUH8WT596Y;
				GENERATE_INFOPLIST_FILE = YES;
				MARKETING_VERSION = 1.0;
				PRODUCT_BUNDLE_IDENTIFIER = "sample.Thermometer-HygrometerUITests";
				PRODUCT_NAME = "$(TARGET_NAME)";
				SWIFT_EMIT_LOC_STRINGS = NO;
				SWIFT_VERSION = 5.0;
				TARGETED_DEVICE_FAMILY = "1,2";
				TEST_TARGET_NAME = "Thermometer-Hygrometer";
			};
			name = Debug;
		};
		A153F8DB294DD92F00C75433 /* Release */ = {
			isa = XCBuildConfiguration;
			buildSettings = {
				ALWAYS_EMBED_SWIFT_STANDARD_LIBRARIES = YES;
				CODE_SIGN_STYLE = Automatic;
				CURRENT_PROJECT_VERSION = 1;
				DEVELOPMENT_TEAM = YUH8WT596Y;
				GENERATE_INFOPLIST_FILE = YES;
				MARKETING_VERSION = 1.0;
				PRODUCT_BUNDLE_IDENTIFIER = "sample.Thermometer-HygrometerUITests";
				PRODUCT_NAME = "$(TARGET_NAME)";
				SWIFT_EMIT_LOC_STRINGS = NO;
				SWIFT_VERSION = 5.0;
				TARGETED_DEVICE_FAMILY = "1,2";
				TEST_TARGET_NAME = "Thermometer-Hygrometer";
			};
			name = Release;
		};
/* End XCBuildConfiguration section */

/* Begin XCConfigurationList section */
		A153F8AA294DD92D00C75433 /* Build configuration list for PBXProject "Thermometer-Hygrometer" */ = {
			isa = XCConfigurationList;
			buildConfigurations = (
				A153F8D1294DD92F00C75433 /* Debug */,
				A153F8D2294DD92F00C75433 /* Release */,
			);
			defaultConfigurationIsVisible = 0;
			defaultConfigurationName = Release;
		};
		A153F8D3294DD92F00C75433 /* Build configuration list for PBXNativeTarget "Thermometer-Hygrometer" */ = {
			isa = XCConfigurationList;
			buildConfigurations = (
				A153F8D4294DD92F00C75433 /* Debug */,
				A153F8D5294DD92F00C75433 /* Release */,
			);
			defaultConfigurationIsVisible = 0;
			defaultConfigurationName = Release;
		};
		A153F8D6294DD92F00C75433 /* Build configuration list for PBXNativeTarget "Thermometer-HygrometerTests" */ = {
			isa = XCConfigurationList;
			buildConfigurations = (
				A153F8D7294DD92F00C75433 /* Debug */,
				A153F8D8294DD92F00C75433 /* Release */,
			);
			defaultConfigurationIsVisible = 0;
			defaultConfigurationName = Release;
		};
		A153F8D9294DD92F00C75433 /* Build configuration list for PBXNativeTarget "Thermometer-HygrometerUITests" */ = {
			isa = XCConfigurationList;
			buildConfigurations = (
				A153F8DA294DD92F00C75433 /* Debug */,
				A153F8DB294DD92F00C75433 /* Release */,
			);
			defaultConfigurationIsVisible = 0;
			defaultConfigurationName = Release;
		};
/* End XCConfigurationList section */

/* Begin XCRemoteSwiftPackageReference section */
		A1176F6D296C5FBB00B4D585 /* XCRemoteSwiftPackageReference "realm-swift" */ = {
			isa = XCRemoteSwiftPackageReference;
			repositoryURL = "https://github.com/realm/realm-swift.git";
			requirement = {
				branch = master;
				kind = branch;
			};
		};
/* End XCRemoteSwiftPackageReference section */

/* Begin XCSwiftPackageProductDependency section */
		A1176F6E296C5FBB00B4D585 /* Realm */ = {
			isa = XCSwiftPackageProductDependency;
			package = A1176F6D296C5FBB00B4D585 /* XCRemoteSwiftPackageReference "realm-swift" */;
			productName = Realm;
		};
		A1176F70296C5FBB00B4D585 /* RealmSwift */ = {
			isa = XCSwiftPackageProductDependency;
			package = A1176F6D296C5FBB00B4D585 /* XCRemoteSwiftPackageReference "realm-swift" */;
			productName = RealmSwift;
		};
/* End XCSwiftPackageProductDependency section */
	};
	rootObject = A153F8A7294DD92D00C75433 /* Project object */;
}
